
Microsoft Visual Studio Solution File, Format Version 12.00
# Visual Studio Version 16
VisualStudioVersion = 16.0.30804.86
MinimumVisualStudioVersion = 10.0.40219.1
Project("{FAE04EC0-301F-11D3-BF4B-00C04F79EFBC}") = "CollectionViewDemo.Android", "CollectionViewDemo\CollectionViewDemo.Android\CollectionViewDemo.Android.csproj", "{1E096460-B14D-4544-B32D-13A6B098171A}"
EndProject
Project("{FAE04EC0-301F-11D3-BF4B-00C04F79EFBC}") = "CollectionViewDemo", "CollectionViewDemo\CollectionViewDemo\CollectionViewDemo.csproj", "{28B616CF-9388-43F8-BE72-46ABAD5A9B3F}"
EndProject
Global
	GlobalSection(SolutionConfigurationPlatforms) = preSolution
		Debug|Any CPU = Debug|Any CPU
		Release|Any CPU = Release|Any CPU
	EndGlobalSection
	GlobalSection(ProjectConfigurationPlatforms) = postSolution
		{1E096460-B14D-4544-B32D-13A6B098171A}.Debug|Any CPU.ActiveCfg = Debug|Any CPU
		{1E096460-B14D-4544-B32D-13A6B098171A}.Debug|Any CPU.Build.0 = Debug|Any CPU
		{1E096460-B14D-4544-B32D-13A6B098171A}.Debug|Any CPU.Deploy.0 = Debug|Any CPU
		{1E096460-B14D-4544-B32D-13A6B098171A}.Release|Any CPU.ActiveCfg = Release|Any CPU
		{1E096460-B14D-4544-B32D-13A6B098171A}.Release|Any CPU.Build.0 = Release|Any CPU
		{1E096460-B14D-4544-B32D-13A6B098171A}.Release|Any CPU.Deploy.0 = Release|Any CPU
		{28B616CF-9388-43F8-BE72-46ABAD5A9B3F}.Debug|Any CPU.ActiveCfg = Debug|Any CPU
		{28B616CF-9388-43F8-BE72-46ABAD5A9B3F}.Debug|Any CPU.Build.0 = Debug|Any CPU
		{28B616CF-9388-43F8-BE72-46ABAD5A9B3F}.Debug|Any CPU.Deploy.0 = Debug|Any CPU
		{28B616CF-9388-43F8-BE72-46ABAD5A9B3F}.Release|Any CPU.ActiveCfg = Release|Any CPU
		{28B616CF-9388-43F8-BE72-46ABAD5A9B3F}.Release|Any CPU.Build.0 = Release|Any CPU
		{28B616CF-9388-43F8-BE72-46ABAD5A9B3F}.Release|Any CPU.Deploy.0 = Release|Any CPU
	EndGlobalSection
	GlobalSection(SolutionProperties) = preSolution
		HideSolutionNode = FALSE
	EndGlobalSection
	GlobalSection(ExtensibilityGlobals) = postSolution
		SolutionGuid = {31B928E2-B61D-418B-A0F6-99FDF00C091C}
	EndGlobalSection
EndGlobal
